{
  "requires": true,
  "lockfileVersion": 1,
  "dependencies": {
    "age-calculator": {
      "version": "1.0.0",
      "resolved": "https://registry.npmjs.org/age-calculator/-/age-calculator-1.0.0.tgz",
      "integrity": "sha1-P9zZgXW3HFQekbGptNfCRA7E9Lc="
    },
    "readline-sync": {
      "version": "1.4.10",
      "resolved": "https://registry.npmjs.org/readline-sync/-/readline-sync-1.4.10.tgz",
      "integrity": "sha512-gNva8/6UAe8QYepIQH/jQ2qn91Qj0B9sYjMBBs3QOB8F2CXcKgLxQaJRP76sWVRQt+QU+8fAkCbCvjjMFu7Ycw=="
    }
  }
}
