{
  "requires": true,
  "lockfileVersion": 1,
  "dependencies": {
    "age-calculator": {
      "version": "1.0.0",
      "resolved": "https://registry.npmjs.org/age-calculator/-/age-calculator-1.0.0.tgz",
      "integrity": "sha1-P9zZgXW3HFQekbGptNfCRA7E9Lc="
    },
    "fasam-imc-calc": {
      "version": "0.0.4",
      "resolved": "https://registry.npmjs.org/fasam-imc-calc/-/fasam-imc-calc-0.0.4.tgz",
      "integrity": "sha1-fI2PfOQ2/87kxSrESjGkjJaHL1w="
    },
    "is-number": {
      "version": "6.0.0",
      "resolved": "https://registry.npmjs.org/is-number/-/is-number-6.0.0.tgz",
      "integrity": "sha512-Wu1VHeILBK8KAWJUAiSZQX94GmOE45Rg6/538fKwiloUu21KncEkYGPqob2oSZ5mUT73vLGrHQjKw3KMPwfDzg=="
    },
    "is-odd": {
      "version": "3.0.1",
      "resolved": "https://registry.npmjs.org/is-odd/-/is-odd-3.0.1.tgz",
      "integrity": "sha512-CQpnWPrDwmP1+SMHXZhtLtJv90yiyVfluGsX5iNCVkrhQtU3TQHsUWPG9wkdk9Lgd5yNpAg9jQEo90CBaXgWMA==",
      "requires": {
        "is-number": "^6.0.0"
      }
    },
    "median": {
      "version": "0.0.2",
      "resolved": "https://registry.npmjs.org/median/-/median-0.0.2.tgz",
      "integrity": "sha1-G3FyvCIes+m/T0efrare/FDER4c="
    },
    "prime-number": {
      "version": "1.0.2",
      "resolved": "https://registry.npmjs.org/prime-number/-/prime-number-1.0.2.tgz",
      "integrity": "sha512-iv1HDRR0pRqjg71JTQ49+jUXzSFLRLzBXtF7T8LMf/CtN4SUg6DG3RtMdgHeiv/DI5Ag3EABflvWVyWpIjub/Q=="
    },
    "readline-sync": {
      "version": "1.4.10",
      "resolved": "https://registry.npmjs.org/readline-sync/-/readline-sync-1.4.10.tgz",
      "integrity": "sha512-gNva8/6UAe8QYepIQH/jQ2qn91Qj0B9sYjMBBs3QOB8F2CXcKgLxQaJRP76sWVRQt+QU+8fAkCbCvjjMFu7Ycw=="
    }
  }
}
